{
  "nodes": {
    "darwin": {
      "inputs": {
        "nixpkgs": [
          "nixpkgs"
        ]
      },
      "locked": {
        "lastModified": 1648278671,
        "narHash": "sha256-1WrR9ex+rKTjZtODNUZQhkWYUprtfOkjOyo9YWL2NMs=",
        "owner": "lnl7",
        "repo": "nix-darwin",
        "rev": "4fdbb8168f61d31d3f90bb0d07f48de709c4fe79",
        "type": "github"
      },
      "original": {
        "owner": "lnl7",
        "ref": "master",
        "repo": "nix-darwin",
        "type": "github"
      }
    },
    "deploy-rs": {
      "inputs": {
        "flake-compat": "flake-compat",
        "nixpkgs": "nixpkgs",
        "utils": "utils"
      },
      "locked": {
        "lastModified": 1653594315,
        "narHash": "sha256-kJ0ENmnQJ4qL2FeYKZba9kvv1KmIuB3NVpBwMeI7AJQ=",
        "owner": "serokell",
        "repo": "deploy-rs",
        "rev": "184349d8149436748986d1bdba087e4149e9c160",
        "type": "github"
      },
      "original": {
        "owner": "serokell",
        "repo": "deploy-rs",
        "type": "github"
      }
    },
    "flake-compat": {
      "flake": false,
      "locked": {
        "lastModified": 1648199409,
        "narHash": "sha256-JwPKdC2PoVBkG6E+eWw3j6BMR6sL3COpYWfif7RVb8Y=",
        "owner": "edolstra",
        "repo": "flake-compat",
        "rev": "64a525ee38886ab9028e6f61790de0832aa3ef03",
        "type": "github"
      },
      "original": {
        "owner": "edolstra",
        "repo": "flake-compat",
        "type": "github"
      }
    },
    "flake-utils": {
      "locked": {
        "lastModified": 1653893745,
        "narHash": "sha256-0jntwV3Z8//YwuOjzhV2sgJJPt+HY6KhU7VZUL0fKZQ=",
        "owner": "numtide",
        "repo": "flake-utils",
        "rev": "1ed9fb1935d260de5fe1c2f7ee0ebaae17ed2fa1",
        "type": "github"
      },
      "original": {
        "owner": "numtide",
        "repo": "flake-utils",
        "type": "github"
      }
    },
    "home": {
      "inputs": {
        "nixpkgs": [
          "nixpkgs"
        ]
      },
      "locked": {
        "lastModified": 1652452047,
        "narHash": "sha256-O6DI0dMH/5rNM+z9CQ/nqRMNBpNsU7TtLSsafKLZTHY=",
        "owner": "nix-community",
        "repo": "home-manager",
        "rev": "32a7da69dc53c9eb5ad0675eb7fdc58f7fe35272",
        "type": "github"
      },
      "original": {
        "owner": "nix-community",
        "repo": "home-manager",
        "type": "github"
      }
    },
    "nixgl": {
      "inputs": {
        "nixpkgs": "nixpkgs_2"
      },
      "locked": {
        "lastModified": 1653311504,
        "narHash": "sha256-4/EOfhL9gRAhUlC57DEQyg74RrcXPG8TTUDF8G7l6OY=",
        "owner": "guibou",
        "repo": "nixGL",
        "rev": "3214ffead3934d1d8873657fdde4a4527078f9f6",
        "type": "github"
      },
      "original": {
        "owner": "guibou",
        "repo": "nixGL",
        "type": "github"
      }
    },
    "nixlib": {
      "locked": {
        "lastModified": 1636849918,
        "narHash": "sha256-nzUK6dPcTmNVrgTAC1EOybSMsrcx+QrVPyqRdyKLkjA=",
        "owner": "nix-community",
        "repo": "nixpkgs.lib",
        "rev": "28a5b0557f14124608db68d3ee1f77e9329e9dd5",
        "type": "github"
      },
      "original": {
        "owner": "nix-community",
        "repo": "nixpkgs.lib",
        "type": "github"
      }
    },
    "nixos-generators": {
      "inputs": {
        "nixlib": "nixlib",
        "nixpkgs": [
          "nixpkgs"
        ]
      },
      "locked": {
        "lastModified": 1650997411,
        "narHash": "sha256-r4a3qsSv5UTtx+pxTUEdOphBkwTx1+AAVog3c457A0M=",
        "owner": "nix-community",
        "repo": "nixos-generators",
        "rev": "3cdf22c79bc80910e2b610cd59fcb8408354ddbc",
        "type": "github"
      },
      "original": {
        "owner": "nix-community",
        "repo": "nixos-generators",
        "type": "github"
      }
    },
    "nixpkgs": {
      "locked": {
        "lastModified": 1648219316,
        "narHash": "sha256-Ctij+dOi0ZZIfX5eMhgwugfvB+WZSrvVNAyAuANOsnQ=",
        "owner": "NixOS",
        "repo": "nixpkgs",
        "rev": "30d3d79b7d3607d56546dd2a6b49e156ba0ec634",
        "type": "github"
      },
      "original": {
        "owner": "NixOS",
        "ref": "nixpkgs-unstable",
        "repo": "nixpkgs",
        "type": "github"
      }
    },
    "nixpkgs-unstable": {
      "locked": {
        "lastModified": 1649961138,
        "narHash": "sha256-8ZCPrazs+qd2V8Elw84lIWuk0kKfVQ8Ei/19gahURhM=",
        "owner": "nixos",
        "repo": "nixpkgs",
        "rev": "d08394e7cd5c7431a1e8f53b7f581e74ee909548",
        "type": "github"
      },
      "original": {
        "owner": "nixos",
        "ref": "nixpkgs-unstable",
        "repo": "nixpkgs",
        "type": "github"
      }
    },
    "nixpkgs_2": {
      "locked": {
        "lastModified": 1652692103,
        "narHash": "sha256-ygRLh8g0F/WkVCSfQcxMoVaaD45i6Ky+f+b4wCOazag=",
        "owner": "NixOS",
        "repo": "nixpkgs",
        "rev": "556ce9a40abde33738e6c9eac65f965a8be3b623",
        "type": "github"
      },
      "original": {
        "id": "nixpkgs",
        "type": "indirect"
      }
    },
    "nixpkgs_3": {
      "locked": {
        "lastModified": 1649809805,
        "narHash": "sha256-D45DYG1xbgyb/bFoeuTtUAGlVNFjbAxUvSrXjfoSSvc=",
        "owner": "nixos",
        "repo": "nixpkgs",
        "rev": "83f4403210afff3a25f82789b18967ed75869f9c",
        "type": "github"
      },
      "original": {
        "owner": "nixos",
        "ref": "nixpkgs-21.11-darwin",
        "repo": "nixpkgs",
        "type": "github"
      }
    },
    "root": {
      "inputs": {
        "darwin": "darwin",
        "deploy-rs": "deploy-rs",
        "flake-utils": "flake-utils",
        "home": "home",
        "nixgl": "nixgl",
        "nixos-generators": "nixos-generators",
        "nixpkgs": "nixpkgs_3",
        "nixpkgs-unstable": "nixpkgs-unstable"
      }
    },
    "utils": {
      "locked": {
        "lastModified": 1648297722,
        "narHash": "sha256-W+qlPsiZd8F3XkzXOzAoR+mpFqzm3ekQkJNa+PIh1BQ=",
        "owner": "numtide",
        "repo": "flake-utils",
        "rev": "0f8662f1319ad6abf89b3380dd2722369fc51ade",
        "type": "github"
      },
      "original": {
        "owner": "numtide",
        "repo": "flake-utils",
        "type": "github"
      }
    }
  },
  "root": "root",
  "version": 7
}
